
Microsoft Visual Studio Solution File, Format Version 12.00
# Visual Studio Version 17
VisualStudioVersion = 17.8.34525.116
MinimumVisualStudioVersion = 10.0.40219.1
Project("{FAE04EC0-301F-11D3-BF4B-00C04F79EFBC}") = "FinalProject", "FinalProject\FinalProject.csproj", "{088566D9-A78B-4A30-AAE8-681C26CAA9AA}"
EndProject
Global
	GlobalSection(SolutionConfigurationPlatforms) = preSolution
		Debug|Any CPU = Debug|Any CPU
		Release|Any CPU = Release|Any CPU
	EndGlobalSection
	GlobalSection(ProjectConfigurationPlatforms) = postSolution
		{088566D9-A78B-4A30-AAE8-681C26CAA9AA}.Debug|Any CPU.ActiveCfg = Debug|Any CPU
		{088566D9-A78B-4A30-AAE8-681C26CAA9AA}.Debug|Any CPU.Build.0 = Debug|Any CPU
		{088566D9-A78B-4A30-AAE8-681C26CAA9AA}.Release|Any CPU.ActiveCfg = Release|Any CPU
		{088566D9-A78B-4A30-AAE8-681C26CAA9AA}.Release|Any CPU.Build.0 = Release|Any CPU
	EndGlobalSection
	GlobalSection(SolutionProperties) = preSolution
		HideSolutionNode = FALSE
	EndGlobalSection
	GlobalSection(ExtensibilityGlobals) = postSolution
		SolutionGuid = {F9166C48-EAB8-4515-8B94-04E4707215FC}
	EndGlobalSection
EndGlobal
